
Microsoft Visual Studio Solution File, Format Version 12.00
# Visual Studio Version 16
VisualStudioVersion = 16.0.35229.62
MinimumVisualStudioVersion = 10.0.40219.1
Project("{FAE04EC0-301F-11D3-BF4B-00C04F79EFBC}") = "Tucach3", "Tucach3\Tucach3.csproj", "{84670F02-EF69-4ED0-9ED6-749A3A253447}"
EndProject
Global
	GlobalSection(SolutionConfigurationPlatforms) = preSolution
		Debug|Any CPU = Debug|Any CPU
		Release|Any CPU = Release|Any CPU
	EndGlobalSection
	GlobalSection(ProjectConfigurationPlatforms) = postSolution
		{84670F02-EF69-4ED0-9ED6-749A3A253447}.Debug|Any CPU.ActiveCfg = Debug|Any CPU
		{84670F02-EF69-4ED0-9ED6-749A3A253447}.Debug|Any CPU.Build.0 = Debug|Any CPU
		{84670F02-EF69-4ED0-9ED6-749A3A253447}.Release|Any CPU.ActiveCfg = Release|Any CPU
		{84670F02-EF69-4ED0-9ED6-749A3A253447}.Release|Any CPU.Build.0 = Release|Any CPU
	EndGlobalSection
	GlobalSection(SolutionProperties) = preSolution
		HideSolutionNode = FALSE
	EndGlobalSection
	GlobalSection(ExtensibilityGlobals) = postSolution
		SolutionGuid = {2D0FC50B-8F12-41C6-91B1-70DF407D8C88}
	EndGlobalSection
EndGlobal
